
Microsoft Visual Studio Solution File, Format Version 12.00
Project("{FAE04EC0-301F-11D3-BF4B-00C04F79EFBC}") = "Utils", "Utils\Utils.csproj", "{C3C4E216-CDFC-435C-8656-FFE26CD65D29}"
EndProject
Project("{FAE04EC0-301F-11D3-BF4B-00C04F79EFBC}") = "TestProject", "TestProject\TestProject.csproj", "{2399246B-23E3-48DE-ABC2-B218B37C99A5}"
EndProject
Project("{FAE04EC0-301F-11D3-BF4B-00C04F79EFBC}") = "Pages", "Pages\Pages.csproj", "{B7C77891-5536-4022-8DCC-5603E4FCB8A1}"
EndProject
Global
	GlobalSection(SolutionConfigurationPlatforms) = preSolution
		Debug|Any CPU = Debug|Any CPU
		Release|Any CPU = Release|Any CPU
	EndGlobalSection
	GlobalSection(ProjectConfigurationPlatforms) = postSolution
		{C3C4E216-CDFC-435C-8656-FFE26CD65D29}.Debug|Any CPU.ActiveCfg = Debug|Any CPU
		{C3C4E216-CDFC-435C-8656-FFE26CD65D29}.Debug|Any CPU.Build.0 = Debug|Any CPU
		{C3C4E216-CDFC-435C-8656-FFE26CD65D29}.Release|Any CPU.ActiveCfg = Release|Any CPU
		{C3C4E216-CDFC-435C-8656-FFE26CD65D29}.Release|Any CPU.Build.0 = Release|Any CPU
		{2399246B-23E3-48DE-ABC2-B218B37C99A5}.Debug|Any CPU.ActiveCfg = Debug|Any CPU
		{2399246B-23E3-48DE-ABC2-B218B37C99A5}.Debug|Any CPU.Build.0 = Debug|Any CPU
		{2399246B-23E3-48DE-ABC2-B218B37C99A5}.Release|Any CPU.ActiveCfg = Release|Any CPU
		{2399246B-23E3-48DE-ABC2-B218B37C99A5}.Release|Any CPU.Build.0 = Release|Any CPU
		{B7C77891-5536-4022-8DCC-5603E4FCB8A1}.Debug|Any CPU.ActiveCfg = Debug|Any CPU
		{B7C77891-5536-4022-8DCC-5603E4FCB8A1}.Debug|Any CPU.Build.0 = Debug|Any CPU
		{B7C77891-5536-4022-8DCC-5603E4FCB8A1}.Release|Any CPU.ActiveCfg = Release|Any CPU
		{B7C77891-5536-4022-8DCC-5603E4FCB8A1}.Release|Any CPU.Build.0 = Release|Any CPU
	EndGlobalSection
EndGlobal
